// !$*UTF8*$!
{
	archiveVersion = 1;
	classes = {
	};
	objectVersion = 50;
	objects = {

/* Begin PBXBuildFile section */
		52B4F1BC2562EADF0091ED40 /* AppDelegate.swift in Sources */ = {isa = PBXBuildFile; fileRef = 52B4F1BB2562EADF0091ED40 /* AppDelegate.swift */; };
		52B4F1BE2562EADF0091ED40 /* SceneDelegate.swift in Sources */ = {isa = PBXBuildFile; fileRef = 52B4F1BD2562EADF0091ED40 /* SceneDelegate.swift */; };
		52B4F1C52562EADF0091ED40 /* Assets.xcassets in Resources */ = {isa = PBXBuildFile; fileRef = 52B4F1C42562EADF0091ED40 /* Assets.xcassets */; };
		52B4F1C82562EADF0091ED40 /* LaunchScreen.storyboard in Resources */ = {isa = PBXBuildFile; fileRef = 52B4F1C62562EADF0091ED40 /* LaunchScreen.storyboard */; };
		52B4F1D72562EB670091ED40 /* StoryCoordinator.swift in Sources */ = {isa = PBXBuildFile; fileRef = 52B4F1D62562EB670091ED40 /* StoryCoordinator.swift */; };
		52B4F1DB2562EB790091ED40 /* StoryView.swift in Sources */ = {isa = PBXBuildFile; fileRef = 52B4F1DA2562EB790091ED40 /* StoryView.swift */; };
		52B4F1E02562EB880091ED40 /* Coordinator.swift in Sources */ = {isa = PBXBuildFile; fileRef = 52B4F1DF2562EB880091ED40 /* Coordinator.swift */; };
		52B4F1E32562EBA10091ED40 /* AppCoordinator.swift in Sources */ = {isa = PBXBuildFile; fileRef = 52B4F1E22562EBA10091ED40 /* AppCoordinator.swift */; };
		52B4F1E92562EF350091ED40 /* Router.swift in Sources */ = {isa = PBXBuildFile; fileRef = 52B4F1E82562EF350091ED40 /* Router.swift */; };
		52B4F1EC2562F0840091ED40 /* Showable.swift in Sources */ = {isa = PBXBuildFile; fileRef = 52B4F1EB2562F0840091ED40 /* Showable.swift */; };
		52B4F1EF2562F18C0091ED40 /* AppRouter.swift in Sources */ = {isa = PBXBuildFile; fileRef = 52B4F1EE2562F18C0091ED40 /* AppRouter.swift */; };
		52B4F1F3256300970091ED40 /* NetWorkClient.swift in Sources */ = {isa = PBXBuildFile; fileRef = 52B4F1F2256300970091ED40 /* NetWorkClient.swift */; };
/* End PBXBuildFile section */

/* Begin PBXFileReference section */
		52B4F1B82562EADF0091ED40 /* MVVM-Rx-Swift.app */ = {isa = PBXFileReference; explicitFileType = wrapper.application; includeInIndex = 0; path = "MVVM-Rx-Swift.app"; sourceTree = BUILT_PRODUCTS_DIR; };
		52B4F1BB2562EADF0091ED40 /* AppDelegate.swift */ = {isa = PBXFileReference; lastKnownFileType = sourcecode.swift; path = AppDelegate.swift; sourceTree = "<group>"; };
		52B4F1BD2562EADF0091ED40 /* SceneDelegate.swift */ = {isa = PBXFileReference; lastKnownFileType = sourcecode.swift; path = SceneDelegate.swift; sourceTree = "<group>"; };
		52B4F1C42562EADF0091ED40 /* Assets.xcassets */ = {isa = PBXFileReference; lastKnownFileType = folder.assetcatalog; path = Assets.xcassets; sourceTree = "<group>"; };
		52B4F1C72562EADF0091ED40 /* Base */ = {isa = PBXFileReference; lastKnownFileType = file.storyboard; name = Base; path = Base.lproj/LaunchScreen.storyboard; sourceTree = "<group>"; };
		52B4F1C92562EADF0091ED40 /* Info.plist */ = {isa = PBXFileReference; lastKnownFileType = text.plist.xml; path = Info.plist; sourceTree = "<group>"; };
		52B4F1D62562EB670091ED40 /* StoryCoordinator.swift */ = {isa = PBXFileReference; lastKnownFileType = sourcecode.swift; path = StoryCoordinator.swift; sourceTree = "<group>"; };
		52B4F1DA2562EB790091ED40 /* StoryView.swift */ = {isa = PBXFileReference; lastKnownFileType = sourcecode.swift; path = StoryView.swift; sourceTree = "<group>"; };
		52B4F1DF2562EB880091ED40 /* Coordinator.swift */ = {isa = PBXFileReference; lastKnownFileType = sourcecode.swift; path = Coordinator.swift; sourceTree = "<group>"; };
		52B4F1E22562EBA10091ED40 /* AppCoordinator.swift */ = {isa = PBXFileReference; lastKnownFileType = sourcecode.swift; path = AppCoordinator.swift; sourceTree = "<group>"; };
		52B4F1E82562EF350091ED40 /* Router.swift */ = {isa = PBXFileReference; lastKnownFileType = sourcecode.swift; path = Router.swift; sourceTree = "<group>"; };
		52B4F1EB2562F0840091ED40 /* Showable.swift */ = {isa = PBXFileReference; lastKnownFileType = sourcecode.swift; path = Showable.swift; sourceTree = "<group>"; };
		52B4F1EE2562F18C0091ED40 /* AppRouter.swift */ = {isa = PBXFileReference; lastKnownFileType = sourcecode.swift; path = AppRouter.swift; sourceTree = "<group>"; };
		52B4F1F2256300970091ED40 /* NetWorkClient.swift */ = {isa = PBXFileReference; lastKnownFileType = sourcecode.swift; path = NetWorkClient.swift; sourceTree = "<group>"; };
/* End PBXFileReference section */

/* Begin PBXFrameworksBuildPhase section */
		52B4F1B52562EADF0091ED40 /* Frameworks */ = {
			isa = PBXFrameworksBuildPhase;
			buildActionMask = 2147483647;
			files = (
			);
			runOnlyForDeploymentPostprocessing = 0;
		};
/* End PBXFrameworksBuildPhase section */

/* Begin PBXGroup section */
		52B4F1AF2562EADF0091ED40 = {
			isa = PBXGroup;
			children = (
				52B4F1BA2562EADF0091ED40 /* MVVM-Rx-Swift */,
				52B4F1B92562EADF0091ED40 /* Products */,
			);
			sourceTree = "<group>";
		};
		52B4F1B92562EADF0091ED40 /* Products */ = {
			isa = PBXGroup;
			children = (
				52B4F1B82562EADF0091ED40 /* MVVM-Rx-Swift.app */,
			);
			name = Products;
			sourceTree = "<group>";
		};
		52B4F1BA2562EADF0091ED40 /* MVVM-Rx-Swift */ = {
			isa = PBXGroup;
			children = (
				52B4F1D02562EB400091ED40 /* Core */,
				52B4F1D12562EB420091ED40 /* Shared */,
				52B4F1BB2562EADF0091ED40 /* AppDelegate.swift */,
				52B4F1BD2562EADF0091ED40 /* SceneDelegate.swift */,
				52B4F1C42562EADF0091ED40 /* Assets.xcassets */,
				52B4F1C62562EADF0091ED40 /* LaunchScreen.storyboard */,
				52B4F1C92562EADF0091ED40 /* Info.plist */,
			);
			path = "MVVM-Rx-Swift";
			sourceTree = "<group>";
		};
		52B4F1D02562EB400091ED40 /* Core */ = {
			isa = PBXGroup;
			children = (
				52B4F1D22562EB490091ED40 /* Scene */,
			);
			path = Core;
			sourceTree = "<group>";
		};
		52B4F1D12562EB420091ED40 /* Shared */ = {
			isa = PBXGroup;
			children = (
				52B4F1F12562FFEA0091ED40 /* Network */,
				52B4F1E72562EF2E0091ED40 /* Router */,
				52B4F1DE2562EB810091ED40 /* Coordinator */,
			);
			path = Shared;
			sourceTree = "<group>";
		};
		52B4F1D22562EB490091ED40 /* Scene */ = {
			isa = PBXGroup;
			children = (
				52B4F1D32562EB520091ED40 /* Story */,
			);
			path = Scene;
			sourceTree = "<group>";
		};
		52B4F1D32562EB520091ED40 /* Story */ = {
			isa = PBXGroup;
			children = (
				52B4F1D92562EB6D0091ED40 /* View */,
				52B4F1D52562EB5B0091ED40 /* Coordinator */,
			);
			path = Story;
			sourceTree = "<group>";
		};
		52B4F1D52562EB5B0091ED40 /* Coordinator */ = {
			isa = PBXGroup;
			children = (
				52B4F1D62562EB670091ED40 /* StoryCoordinator.swift */,
			);
			path = Coordinator;
			sourceTree = "<group>";
		};
		52B4F1D92562EB6D0091ED40 /* View */ = {
			isa = PBXGroup;
			children = (
				52B4F1DA2562EB790091ED40 /* StoryView.swift */,
			);
			path = View;
			sourceTree = "<group>";
		};
		52B4F1DE2562EB810091ED40 /* Coordinator */ = {
			isa = PBXGroup;
			children = (
				52B4F1DF2562EB880091ED40 /* Coordinator.swift */,
				52B4F1E22562EBA10091ED40 /* AppCoordinator.swift */,
			);
			path = Coordinator;
			sourceTree = "<group>";
		};
		52B4F1E72562EF2E0091ED40 /* Router */ = {
			isa = PBXGroup;
			children = (
				52B4F1E82562EF350091ED40 /* Router.swift */,
				52B4F1EB2562F0840091ED40 /* Showable.swift */,
				52B4F1EE2562F18C0091ED40 /* AppRouter.swift */,
			);
			path = Router;
			sourceTree = "<group>";
		};
		52B4F1F12562FFEA0091ED40 /* Network */ = {
			isa = PBXGroup;
			children = (
				52B4F1F2256300970091ED40 /* NetWorkClient.swift */,
			);
			path = Network;
			sourceTree = "<group>";
		};
/* End PBXGroup section */

/* Begin PBXNativeTarget section */
		52B4F1B72562EADF0091ED40 /* MVVM-Rx-Swift */ = {
			isa = PBXNativeTarget;
			buildConfigurationList = 52B4F1CC2562EADF0091ED40 /* Build configuration list for PBXNativeTarget "MVVM-Rx-Swift" */;
			buildPhases = (
				52B4F1B42562EADF0091ED40 /* Sources */,
				52B4F1B52562EADF0091ED40 /* Frameworks */,
				52B4F1B62562EADF0091ED40 /* Resources */,
			);
			buildRules = (
			);
			dependencies = (
			);
			name = "MVVM-Rx-Swift";
			productName = "MVVM-Rx-Swift";
			productReference = 52B4F1B82562EADF0091ED40 /* MVVM-Rx-Swift.app */;
			productType = "com.apple.product-type.application";
		};
/* End PBXNativeTarget section */

/* Begin PBXProject section */
		52B4F1B02562EADF0091ED40 /* Project object */ = {
			isa = PBXProject;
			attributes = {
				LastSwiftUpdateCheck = 1200;
				LastUpgradeCheck = 1200;
				TargetAttributes = {
					52B4F1B72562EADF0091ED40 = {
						CreatedOnToolsVersion = 12.0.1;
					};
				};
			};
			buildConfigurationList = 52B4F1B32562EADF0091ED40 /* Build configuration list for PBXProject "MVVM-Rx-Swift" */;
			compatibilityVersion = "Xcode 9.3";
			developmentRegion = en;
			hasScannedForEncodings = 0;
			knownRegions = (
				en,
				Base,
			);
			mainGroup = 52B4F1AF2562EADF0091ED40;
			productRefGroup = 52B4F1B92562EADF0091ED40 /* Products */;
			projectDirPath = "";
			projectRoot = "";
			targets = (
				52B4F1B72562EADF0091ED40 /* MVVM-Rx-Swift */,
			);
		};
/* End PBXProject section */

/* Begin PBXResourcesBuildPhase section */
		52B4F1B62562EADF0091ED40 /* Resources */ = {
			isa = PBXResourcesBuildPhase;
			buildActionMask = 2147483647;
			files = (
				52B4F1C82562EADF0091ED40 /* LaunchScreen.storyboard in Resources */,
				52B4F1C52562EADF0091ED40 /* Assets.xcassets in Resources */,
			);
			runOnlyForDeploymentPostprocessing = 0;
		};
/* End PBXResourcesBuildPhase section */

/* Begin PBXSourcesBuildPhase section */
		52B4F1B42562EADF0091ED40 /* Sources */ = {
			isa = PBXSourcesBuildPhase;
			buildActionMask = 2147483647;
			files = (
				52B4F1DB2562EB790091ED40 /* StoryView.swift in Sources */,
				52B4F1F3256300970091ED40 /* NetWorkClient.swift in Sources */,
				52B4F1E02562EB880091ED40 /* Coordinator.swift in Sources */,
				52B4F1BC2562EADF0091ED40 /* AppDelegate.swift in Sources */,
				52B4F1E92562EF350091ED40 /* Router.swift in Sources */,
				52B4F1D72562EB670091ED40 /* StoryCoordinator.swift in Sources */,
				52B4F1EF2562F18C0091ED40 /* AppRouter.swift in Sources */,
				52B4F1BE2562EADF0091ED40 /* SceneDelegate.swift in Sources */,
				52B4F1EC2562F0840091ED40 /* Showable.swift in Sources */,
				52B4F1E32562EBA10091ED40 /* AppCoordinator.swift in Sources */,
			);
			runOnlyForDeploymentPostprocessing = 0;
		};
/* End PBXSourcesBuildPhase section */

/* Begin PBXVariantGroup section */
		52B4F1C62562EADF0091ED40 /* LaunchScreen.storyboard */ = {
			isa = PBXVariantGroup;
			children = (
				52B4F1C72562EADF0091ED40 /* Base */,
			);
			name = LaunchScreen.storyboard;
			sourceTree = "<group>";
		};
/* End PBXVariantGroup section */

/* Begin XCBuildConfiguration section */
		52B4F1CA2562EADF0091ED40 /* Debug */ = {
			isa = XCBuildConfiguration;
			buildSettings = {
				ALWAYS_SEARCH_USER_PATHS = NO;
				CLANG_ANALYZER_NONNULL = YES;
				CLANG_ANALYZER_NUMBER_OBJECT_CONVERSION = YES_AGGRESSIVE;
				CLANG_CXX_LANGUAGE_STANDARD = "gnu++14";
				CLANG_CXX_LIBRARY = "libc++";
				CLANG_ENABLE_MODULES = YES;
				CLANG_ENABLE_OBJC_ARC = YES;
				CLANG_ENABLE_OBJC_WEAK = YES;
				CLANG_WARN_BLOCK_CAPTURE_AUTORELEASING = YES;
				CLANG_WARN_BOOL_CONVERSION = YES;
				CLANG_WARN_COMMA = YES;
				CLANG_WARN_CONSTANT_CONVERSION = YES;
				CLANG_WARN_DEPRECATED_OBJC_IMPLEMENTATIONS = YES;
				CLANG_WARN_DIRECT_OBJC_ISA_USAGE = YES_ERROR;
				CLANG_WARN_DOCUMENTATION_COMMENTS = YES;
				CLANG_WARN_EMPTY_BODY = YES;
				CLANG_WARN_ENUM_CONVERSION = YES;
				CLANG_WARN_INFINITE_RECURSION = YES;
				CLANG_WARN_INT_CONVERSION = YES;
				CLANG_WARN_NON_LITERAL_NULL_CONVERSION = YES;
				CLANG_WARN_OBJC_IMPLICIT_RETAIN_SELF = YES;
				CLANG_WARN_OBJC_LITERAL_CONVERSION = YES;
				CLANG_WARN_OBJC_ROOT_CLASS = YES_ERROR;
				CLANG_WARN_QUOTED_INCLUDE_IN_FRAMEWORK_HEADER = YES;
				CLANG_WARN_RANGE_LOOP_ANALYSIS = YES;
				CLANG_WARN_STRICT_PROTOTYPES = YES;
				CLANG_WARN_SUSPICIOUS_MOVE = YES;
				CLANG_WARN_UNGUARDED_AVAILABILITY = YES_AGGRESSIVE;
				CLANG_WARN_UNREACHABLE_CODE = YES;
				CLANG_WARN__DUPLICATE_METHOD_MATCH = YES;
				COPY_PHASE_STRIP = NO;
				DEBUG_INFORMATION_FORMAT = dwarf;
				ENABLE_STRICT_OBJC_MSGSEND = YES;
				ENABLE_TESTABILITY = YES;
				GCC_C_LANGUAGE_STANDARD = gnu11;
				GCC_DYNAMIC_NO_PIC = NO;
				GCC_NO_COMMON_BLOCKS = YES;
				GCC_OPTIMIZATION_LEVEL = 0;
				GCC_PREPROCESSOR_DEFINITIONS = (
					"DEBUG=1",
					"$(inherited)",
				);
				GCC_WARN_64_TO_32_BIT_CONVERSION = YES;
				GCC_WARN_ABOUT_RETURN_TYPE = YES_ERROR;
				GCC_WARN_UNDECLARED_SELECTOR = YES;
				GCC_WARN_UNINITIALIZED_AUTOS = YES_AGGRESSIVE;
				GCC_WARN_UNUSED_FUNCTION = YES;
				GCC_WARN_UNUSED_VARIABLE = YES;
				IPHONEOS_DEPLOYMENT_TARGET = 14.0;
				MTL_ENABLE_DEBUG_INFO = INCLUDE_SOURCE;
				MTL_FAST_MATH = YES;
				ONLY_ACTIVE_ARCH = YES;
				SDKROOT = iphoneos;
				SWIFT_ACTIVE_COMPILATION_CONDITIONS = DEBUG;
				SWIFT_OPTIMIZATION_LEVEL = "-Onone";
			};
			name = Debug;
		};
		52B4F1CB2562EADF0091ED40 /* Release */ = {
			isa = XCBuildConfiguration;
			buildSettings = {
				ALWAYS_SEARCH_USER_PATHS = NO;
				CLANG_ANALYZER_NONNULL = YES;
				CLANG_ANALYZER_NUMBER_OBJECT_CONVERSION = YES_AGGRESSIVE;
				CLANG_CXX_LANGUAGE_STANDARD = "gnu++14";
				CLANG_CXX_LIBRARY = "libc++";
				CLANG_ENABLE_MODULES = YES;
				CLANG_ENABLE_OBJC_ARC = YES;
				CLANG_ENABLE_OBJC_WEAK = YES;
				CLANG_WARN_BLOCK_CAPTURE_AUTORELEASING = YES;
				CLANG_WARN_BOOL_CONVERSION = YES;
				CLANG_WARN_COMMA = YES;
				CLANG_WARN_CONSTANT_CONVERSION = YES;
				CLANG_WARN_DEPRECATED_OBJC_IMPLEMENTATIONS = YES;
				CLANG_WARN_DIRECT_OBJC_ISA_USAGE = YES_ERROR;
				CLANG_WARN_DOCUMENTATION_COMMENTS = YES;
				CLANG_WARN_EMPTY_BODY = YES;
				CLANG_WARN_ENUM_CONVERSION = YES;
				CLANG_WARN_INFINITE_RECURSION = YES;
				CLANG_WARN_INT_CONVERSION = YES;
				CLANG_WARN_NON_LITERAL_NULL_CONVERSION = YES;
				CLANG_WARN_OBJC_IMPLICIT_RETAIN_SELF = YES;
				CLANG_WARN_OBJC_LITERAL_CONVERSION = YES;
				CLANG_WARN_OBJC_ROOT_CLASS = YES_ERROR;
				CLANG_WARN_QUOTED_INCLUDE_IN_FRAMEWORK_HEADER = YES;
				CLANG_WARN_RANGE_LOOP_ANALYSIS = YES;
				CLANG_WARN_STRICT_PROTOTYPES = YES;
				CLANG_WARN_SUSPICIOUS_MOVE = YES;
				CLANG_WARN_UNGUARDED_AVAILABILITY = YES_AGGRESSIVE;
				CLANG_WARN_UNREACHABLE_CODE = YES;
				CLANG_WARN__DUPLICATE_METHOD_MATCH = YES;
				COPY_PHASE_STRIP = NO;
				DEBUG_INFORMATION_FORMAT = "dwarf-with-dsym";
				ENABLE_NS_ASSERTIONS = NO;
				ENABLE_STRICT_OBJC_MSGSEND = YES;
				GCC_C_LANGUAGE_STANDARD = gnu11;
				GCC_NO_COMMON_BLOCKS = YES;
				GCC_WARN_64_TO_32_BIT_CONVERSION = YES;
				GCC_WARN_ABOUT_RETURN_TYPE = YES_ERROR;
				GCC_WARN_UNDECLARED_SELECTOR = YES;
				GCC_WARN_UNINITIALIZED_AUTOS = YES_AGGRESSIVE;
				GCC_WARN_UNUSED_FUNCTION = YES;
				GCC_WARN_UNUSED_VARIABLE = YES;
				IPHONEOS_DEPLOYMENT_TARGET = 14.0;
				MTL_ENABLE_DEBUG_INFO = NO;
				MTL_FAST_MATH = YES;
				SDKROOT = iphoneos;
				SWIFT_COMPILATION_MODE = wholemodule;
				SWIFT_OPTIMIZATION_LEVEL = "-O";
				VALIDATE_PRODUCT = YES;
			};
			name = Release;
		};
		52B4F1CD2562EADF0091ED40 /* Debug */ = {
			isa = XCBuildConfiguration;
			buildSettings = {
				ASSETCATALOG_COMPILER_APPICON_NAME = AppIcon;
				ASSETCATALOG_COMPILER_GLOBAL_ACCENT_COLOR_NAME = AccentColor;
				CODE_SIGN_STYLE = Automatic;
				INFOPLIST_FILE = "MVVM-Rx-Swift/Info.plist";
				LD_RUNPATH_SEARCH_PATHS = (
					"$(inherited)",
					"@executable_path/Frameworks",
				);
				PRODUCT_BUNDLE_IDENTIFIER = "com.alda-loq-369.MVVM-Rx-Swift";
				PRODUCT_NAME = "$(TARGET_NAME)";
				SWIFT_VERSION = 5.0;
				TARGETED_DEVICE_FAMILY = "1,2";
			};
			name = Debug;
		};
		52B4F1CE2562EADF0091ED40 /* Release */ = {
			isa = XCBuildConfiguration;
			buildSettings = {
				ASSETCATALOG_COMPILER_APPICON_NAME = AppIcon;
				ASSETCATALOG_COMPILER_GLOBAL_ACCENT_COLOR_NAME = AccentColor;
				CODE_SIGN_STYLE = Automatic;
				INFOPLIST_FILE = "MVVM-Rx-Swift/Info.plist";
				LD_RUNPATH_SEARCH_PATHS = (
					"$(inherited)",
					"@executable_path/Frameworks",
				);
				PRODUCT_BUNDLE_IDENTIFIER = "com.alda-loq-369.MVVM-Rx-Swift";
				PRODUCT_NAME = "$(TARGET_NAME)";
				SWIFT_VERSION = 5.0;
				TARGETED_DEVICE_FAMILY = "1,2";
			};
			name = Release;
		};
/* End XCBuildConfiguration section */

/* Begin XCConfigurationList section */
		52B4F1B32562EADF0091ED40 /* Build configuration list for PBXProject "MVVM-Rx-Swift" */ = {
			isa = XCConfigurationList;
			buildConfigurations = (
				52B4F1CA2562EADF0091ED40 /* Debug */,
				52B4F1CB2562EADF0091ED40 /* Release */,
			);
			defaultConfigurationIsVisible = 0;
			defaultConfigurationName = Release;
		};
		52B4F1CC2562EADF0091ED40 /* Build configuration list for PBXNativeTarget "MVVM-Rx-Swift" */ = {
			isa = XCConfigurationList;
			buildConfigurations = (
				52B4F1CD2562EADF0091ED40 /* Debug */,
				52B4F1CE2562EADF0091ED40 /* Release */,
			);
			defaultConfigurationIsVisible = 0;
			defaultConfigurationName = Release;
		};
/* End XCConfigurationList section */
	};
	rootObject = 52B4F1B02562EADF0091ED40 /* Project object */;
}
